
Microsoft Visual Studio Solution File, Format Version 12.00
# Visual Studio Version 16
VisualStudioVersion = 16.0.31424.327
MinimumVisualStudioVersion = 10.0.40219.1
Project("{FAE04EC0-301F-11D3-BF4B-00C04F79EFBC}") = "CaeserCipher", "CaeserCipher\CaeserCipher.csproj", "{DC206D67-5004-44AA-A071-908E782D9AF3}"
EndProject
Global
	GlobalSection(SolutionConfigurationPlatforms) = preSolution
		Debug|Any CPU = Debug|Any CPU
		Release|Any CPU = Release|Any CPU
	EndGlobalSection
	GlobalSection(ProjectConfigurationPlatforms) = postSolution
		{DC206D67-5004-44AA-A071-908E782D9AF3}.Debug|Any CPU.ActiveCfg = Debug|Any CPU
		{DC206D67-5004-44AA-A071-908E782D9AF3}.Debug|Any CPU.Build.0 = Debug|Any CPU
		{DC206D67-5004-44AA-A071-908E782D9AF3}.Release|Any CPU.ActiveCfg = Release|Any CPU
		{DC206D67-5004-44AA-A071-908E782D9AF3}.Release|Any CPU.Build.0 = Release|Any CPU
	EndGlobalSection
	GlobalSection(SolutionProperties) = preSolution
		HideSolutionNode = FALSE
	EndGlobalSection
	GlobalSection(ExtensibilityGlobals) = postSolution
		SolutionGuid = {B5E1BCEC-29D3-4D29-9909-2FDA18E1CCC3}
	EndGlobalSection
EndGlobal
